
Microsoft Visual Studio Solution File, Format Version 12.00
# Visual Studio 15
Project("{FAE04EC0-301F-11D3-BF4B-00C04F79EFBC}") = "spotgrabber", "spotgrabber\spotgrabber.csproj", "{EFF1944E-E36E-4FCE-85B8-46FCA25645EC}"
EndProject
Global
	GlobalSection(SolutionConfigurationPlatforms) = preSolution
		Debug|Any CPU = Debug|Any CPU
		Release|Any CPU = Release|Any CPU
	EndGlobalSection
	GlobalSection(ProjectConfigurationPlatforms) = postSolution
		{EFF1944E-E36E-4FCE-85B8-46FCA25645EC}.Debug|Any CPU.ActiveCfg = Debug|Any CPU
		{EFF1944E-E36E-4FCE-85B8-46FCA25645EC}.Debug|Any CPU.Build.0 = Debug|Any CPU
		{EFF1944E-E36E-4FCE-85B8-46FCA25645EC}.Release|Any CPU.ActiveCfg = Release|Any CPU
		{EFF1944E-E36E-4FCE-85B8-46FCA25645EC}.Release|Any CPU.Build.0 = Release|Any CPU
	EndGlobalSection
EndGlobal
